<?xml version="1.0" encoding="UTF-8" standalone="yes" ?>
<CodeBlocks_project_file>
	<FileVersion major="1" minor="6" />
	<Project>
		<Option title="libgk" />
		<Option pch_mode="2" />
		<Option compiler="gcc" />
		<Build>
			<Target title="Debug">
				<Option output="../bin/GK" prefix_auto="1" extension_auto="1" />
				<Option working_dir="../bin" />
				<Option type="3" />
				<Option compiler="gcc" />
				<Option createDefFile="1" />
				<Compiler>
					<Add option="-g" />
					<Add option="`pkg-config --libs --cflags freetype2`" />
					<Add directory="../include" />
				</Compiler>
				<Linker>
					<Add option="-lX11 -lGL -lrt -lXxf86vm -lIL" />
					<Add option="-lopenal" />
					<Add option="-lfreetype" />
					<Add option="-lmpg123" />
					<Add directory="../libs" />
				</Linker>
			</Target>
		</Build>
		<Unit filename="../include/gk.h" />
		<Unit filename="../include/gkaudio.h" />
		<Unit filename="../include/gkaudiostream.h" />
		<Unit filename="../include/gkkeydefs.h" />
		<Unit filename="../src/GLee.c">
			<Option compilerVar="CC" />
		</Unit>
		<Unit filename="../src/GLee.h" />
		<Unit filename="../src/X11/imKStoUCS.c">
			<Option compilerVar="CC" />
		</Unit>
		<Unit filename="../src/application.c">
			<Option compilerVar="CC" />
		</Unit>
		<Unit filename="../src/audio.c">
			<Option compilerVar="CC" />
		</Unit>
		<Unit filename="../src/audiostream.c">
			<Option compilerVar="CC" />
		</Unit>
		<Unit filename="../src/event.c">
			<Option compilerVar="CC" />
		</Unit>
		<Unit filename="../src/fonts.c">
			<Option compilerVar="CC" />
		</Unit>
		<Unit filename="../src/geom.c">
			<Option compilerVar="CC" />
		</Unit>
		<Unit filename="../src/gk_internal.h" />
		<Unit filename="../src/graphics.c">
			<Option compilerVar="CC" />
		</Unit>
		<Unit filename="../src/image.c">
			<Option compilerVar="CC" />
		</Unit>
		<Unit filename="../src/input.c">
			<Option compilerVar="CC" />
		</Unit>
		<Unit filename="../src/panel.c">
			<Option compilerVar="CC" />
		</Unit>
		<Unit filename="../src/timer.c">
			<Option compilerVar="CC" />
		</Unit>
		<Unit filename="../src/tween.c">
			<Option compilerVar="CC" />
		</Unit>
		<Extensions>
			<envvars />
			<code_completion />
			<debugger />
			<lib_finder disable_auto="1">
				<lib name="freetype2" />
			</lib_finder>
		</Extensions>
	</Project>
</CodeBlocks_project_file>
